
Microsoft Visual Studio Solution File, Format Version 12.00
# Visual Studio Version 17
VisualStudioVersion = 17.14.36212.18
MinimumVisualStudioVersion = 10.0.40219.1
Project("{FAE04EC0-301F-11D3-BF4B-00C04F79EFBC}") = "Trainer", "..\Trainer\Trainer.csproj", "{80CAD04B-1E7A-48E0-BF06-B3DD77490B16}"
EndProject
Project("{FAE04EC0-301F-11D3-BF4B-00C04F79EFBC}") = "Api", "..\Api\Api.csproj", "{ED31F5EF-5CE6-477C-B764-8C132B6A0ECD}"
EndProject
Project("{FAE04EC0-301F-11D3-BF4B-00C04F79EFBC}") = "BotTelegram", "..\BotTelegram\BotTelegram.csproj", "{641EC304-8289-49CA-ADD8-EA2B311A5D42}"
EndProject
Project("{2150E333-8FDC-42A3-9474-1A3956D46DE8}") = "Backend", "Backend", "{36D591C7-65C7-A0D1-1CBC-10CDE441BDC8}"
EndProject
Project("{2150E333-8FDC-42A3-9474-1A3956D46DE8}") = "Clients", "Clients", "{96FE35D4-9EFD-499F-9444-80B263A835E3}"
EndProject
Project("{2150E333-8FDC-42A3-9474-1A3956D46DE8}") = "Infrastructure", "Infrastructure", "{C519EE68-576E-4CE8-B590-3F43ADC829C1}"
EndProject
Global
	GlobalSection(SolutionConfigurationPlatforms) = preSolution
		Debug|Any CPU = Debug|Any CPU
		Release|Any CPU = Release|Any CPU
	EndGlobalSection
	GlobalSection(ProjectConfigurationPlatforms) = postSolution
		{80CAD04B-1E7A-48E0-BF06-B3DD77490B16}.Debug|Any CPU.ActiveCfg = Debug|Any CPU
		{80CAD04B-1E7A-48E0-BF06-B3DD77490B16}.Debug|Any CPU.Build.0 = Debug|Any CPU
		{80CAD04B-1E7A-48E0-BF06-B3DD77490B16}.Release|Any CPU.ActiveCfg = Release|Any CPU
		{80CAD04B-1E7A-48E0-BF06-B3DD77490B16}.Release|Any CPU.Build.0 = Release|Any CPU
		{ED31F5EF-5CE6-477C-B764-8C132B6A0ECD}.Debug|Any CPU.ActiveCfg = Debug|Any CPU
		{ED31F5EF-5CE6-477C-B764-8C132B6A0ECD}.Debug|Any CPU.Build.0 = Debug|Any CPU
		{ED31F5EF-5CE6-477C-B764-8C132B6A0ECD}.Release|Any CPU.ActiveCfg = Release|Any CPU
		{ED31F5EF-5CE6-477C-B764-8C132B6A0ECD}.Release|Any CPU.Build.0 = Release|Any CPU
		{641EC304-8289-49CA-ADD8-EA2B311A5D42}.Debug|Any CPU.ActiveCfg = Debug|Any CPU
		{641EC304-8289-49CA-ADD8-EA2B311A5D42}.Debug|Any CPU.Build.0 = Debug|Any CPU
		{641EC304-8289-49CA-ADD8-EA2B311A5D42}.Release|Any CPU.ActiveCfg = Release|Any CPU
		{641EC304-8289-49CA-ADD8-EA2B311A5D42}.Release|Any CPU.Build.0 = Release|Any CPU
	EndGlobalSection
	GlobalSection(SolutionProperties) = preSolution
		HideSolutionNode = FALSE
	EndGlobalSection
	GlobalSection(NestedProjects) = preSolution
		{CDC1D79E-15F9-4328-9732-9C68F9FB15BF} = {36D591C7-65C7-A0D1-1CBC-10CDE441BDC8}
		{80CAD04B-1E7A-48E0-BF06-B3DD77490B16} = {C519EE68-576E-4CE8-B590-3F43ADC829C1}
		{ED31F5EF-5CE6-477C-B764-8C132B6A0ECD} = {36D591C7-65C7-A0D1-1CBC-10CDE441BDC8}
		{641EC304-8289-49CA-ADD8-EA2B311A5D42} = {96FE35D4-9EFD-499F-9444-80B263A835E3}
	EndGlobalSection
	GlobalSection(ExtensibilityGlobals) = postSolution
		SolutionGuid = {263C66E7-D2AF-470D-80C7-9BCF85CD7808}
	EndGlobalSection
EndGlobal
